
Microsoft Visual Studio Solution File, Format Version 12.00
# Visual Studio Version 17
VisualStudioVersion = 17.11.35431.28
MinimumVisualStudioVersion = 10.0.40219.1
Project("{FAE04EC0-301F-11D3-BF4B-00C04F79EFBC}") = "AppScheduler", "AppScheduler\AppScheduler.csproj", "{9D0E37DC-A465-424B-8E1A-585C4BD00855}"
EndProject
Global
	GlobalSection(SolutionConfigurationPlatforms) = preSolution
		Debug|Any CPU = Debug|Any CPU
		Release|Any CPU = Release|Any CPU
	EndGlobalSection
	GlobalSection(ProjectConfigurationPlatforms) = postSolution
		{9D0E37DC-A465-424B-8E1A-585C4BD00855}.Debug|Any CPU.ActiveCfg = Debug|Any CPU
		{9D0E37DC-A465-424B-8E1A-585C4BD00855}.Debug|Any CPU.Build.0 = Debug|Any CPU
		{9D0E37DC-A465-424B-8E1A-585C4BD00855}.Release|Any CPU.ActiveCfg = Release|Any CPU
		{9D0E37DC-A465-424B-8E1A-585C4BD00855}.Release|Any CPU.Build.0 = Release|Any CPU
	EndGlobalSection
	GlobalSection(SolutionProperties) = preSolution
		HideSolutionNode = FALSE
	EndGlobalSection
	GlobalSection(ExtensibilityGlobals) = postSolution
		SolutionGuid = {0E36E2C9-53B0-461F-BE4A-E14666A9BE9B}
	EndGlobalSection
EndGlobal
